
Microsoft Visual Studio Solution File, Format Version 12.00
# Visual Studio Version 16
VisualStudioVersion = 16.0.29519.181
MinimumVisualStudioVersion = 10.0.40219.1
Project("{FAE04EC0-301F-11D3-BF4B-00C04F79EFBC}") = "5) Slider. ProgressBar", "5) Slider. ProgressBar.csproj", "{1AB958D3-3863-4B8D-B592-EA7249293D8C}"
EndProject
Global
	GlobalSection(SolutionConfigurationPlatforms) = preSolution
		Debug|Any CPU = Debug|Any CPU
		Release|Any CPU = Release|Any CPU
	EndGlobalSection
	GlobalSection(ProjectConfigurationPlatforms) = postSolution
		{1AB958D3-3863-4B8D-B592-EA7249293D8C}.Debug|Any CPU.ActiveCfg = Debug|Any CPU
		{1AB958D3-3863-4B8D-B592-EA7249293D8C}.Debug|Any CPU.Build.0 = Debug|Any CPU
		{1AB958D3-3863-4B8D-B592-EA7249293D8C}.Release|Any CPU.ActiveCfg = Release|Any CPU
		{1AB958D3-3863-4B8D-B592-EA7249293D8C}.Release|Any CPU.Build.0 = Release|Any CPU
	EndGlobalSection
	GlobalSection(SolutionProperties) = preSolution
		HideSolutionNode = FALSE
	EndGlobalSection
	GlobalSection(ExtensibilityGlobals) = postSolution
		SolutionGuid = {5AF90B98-5708-4487-A862-D079CC42C340}
	EndGlobalSection
EndGlobal
